// !$*UTF8*$!
{
	archiveVersion = 1;
	classes = {
	};
	objectVersion = 46;
	objects = {

/* Begin PBXBuildFile section */
		ED00504E1BD4329D0043528B /* STJSONPackage.swift in Sources */ = {isa = PBXBuildFile; fileRef = ED00504D1BD4329D0043528B /* STJSONPackage.swift */; };
		ED0050501BD4331B0043528B /* STNetworkError.swift in Sources */ = {isa = PBXBuildFile; fileRef = ED00504F1BD4331B0043528B /* STNetworkError.swift */; };
		ED0050551BD43C2A0043528B /* STJSONError.swift in Sources */ = {isa = PBXBuildFile; fileRef = ED0050541BD43C2A0043528B /* STJSONError.swift */; };
		ED0050561BD447440043528B /* STJSONPackage.swift in Sources */ = {isa = PBXBuildFile; fileRef = ED00504D1BD4329D0043528B /* STJSONPackage.swift */; };
		ED0050571BD447440043528B /* STNetworkError.swift in Sources */ = {isa = PBXBuildFile; fileRef = ED00504F1BD4331B0043528B /* STNetworkError.swift */; };
		ED0050581BD447440043528B /* STJSONError.swift in Sources */ = {isa = PBXBuildFile; fileRef = ED0050541BD43C2A0043528B /* STJSONError.swift */; };
		ED0050591BD4474D0043528B /* STJSONPackage.swift in Sources */ = {isa = PBXBuildFile; fileRef = ED00504D1BD4329D0043528B /* STJSONPackage.swift */; };
		ED00505A1BD4474D0043528B /* STNetworkError.swift in Sources */ = {isa = PBXBuildFile; fileRef = ED00504F1BD4331B0043528B /* STNetworkError.swift */; };
		ED00505B1BD4474D0043528B /* STJSONError.swift in Sources */ = {isa = PBXBuildFile; fileRef = ED0050541BD43C2A0043528B /* STJSONError.swift */; };
		ED0050601BD452B90043528B /* STJSONParser.swift in Sources */ = {isa = PBXBuildFile; fileRef = ED00505F1BD452B90043528B /* STJSONParser.swift */; };
		ED0050611BD452B90043528B /* STJSONParser.swift in Sources */ = {isa = PBXBuildFile; fileRef = ED00505F1BD452B90043528B /* STJSONParser.swift */; };
		ED0050621BD452B90043528B /* STJSONParser.swift in Sources */ = {isa = PBXBuildFile; fileRef = ED00505F1BD452B90043528B /* STJSONParser.swift */; };
		ED0050641BD45EF10043528B /* SwifTrixJSONParserTests.swift in Sources */ = {isa = PBXBuildFile; fileRef = ED0050631BD45EF10043528B /* SwifTrixJSONParserTests.swift */; };
		ED076CB91BCAA8C800B53396 /* SwifTrixPerformanceTests.swift in Sources */ = {isa = PBXBuildFile; fileRef = ED076CB81BCAA8C800B53396 /* SwifTrixPerformanceTests.swift */; };
		ED076CBC1BCAAFC200B53396 /* TestDataModel.xcdatamodeld in Sources */ = {isa = PBXBuildFile; fileRef = ED076CBA1BCAAFC200B53396 /* TestDataModel.xcdatamodeld */; };
		ED076CC31BCAB0FE00B53396 /* Book+CoreDataProperties.swift in Sources */ = {isa = PBXBuildFile; fileRef = ED076CBD1BCAB0FE00B53396 /* Book+CoreDataProperties.swift */; };
		ED076CC41BCAB0FE00B53396 /* Book.swift in Sources */ = {isa = PBXBuildFile; fileRef = ED076CBE1BCAB0FE00B53396 /* Book.swift */; };
		ED076CC51BCAB0FE00B53396 /* Page+CoreDataProperties.swift in Sources */ = {isa = PBXBuildFile; fileRef = ED076CBF1BCAB0FE00B53396 /* Page+CoreDataProperties.swift */; };
		ED076CC61BCAB0FE00B53396 /* Page.swift in Sources */ = {isa = PBXBuildFile; fileRef = ED076CC01BCAB0FE00B53396 /* Page.swift */; };
		ED076CC71BCAB0FE00B53396 /* Bookworm+CoreDataProperties.swift in Sources */ = {isa = PBXBuildFile; fileRef = ED076CC11BCAB0FE00B53396 /* Bookworm+CoreDataProperties.swift */; };
		ED076CC81BCAB0FE00B53396 /* Bookworm.swift in Sources */ = {isa = PBXBuildFile; fileRef = ED076CC21BCAB0FE00B53396 /* Bookworm.swift */; };
		ED2CAA341BD695B600472C3B /* STFormFillController.swift in Sources */ = {isa = PBXBuildFile; fileRef = ED2CAA2F1BD695B600472C3B /* STFormFillController.swift */; };
		ED2CAA361BD695B600472C3B /* STFormFillControllerDelegate.swift in Sources */ = {isa = PBXBuildFile; fileRef = ED2CAA311BD695B600472C3B /* STFormFillControllerDelegate.swift */; };
		ED2CAA371BD695B600472C3B /* STFormFillDataType.swift in Sources */ = {isa = PBXBuildFile; fileRef = ED2CAA321BD695B600472C3B /* STFormFillDataType.swift */; };
		ED2CAA3D1BD6968C00472C3B /* STFormField.swift in Sources */ = {isa = PBXBuildFile; fileRef = ED2CAA3B1BD6968C00472C3B /* STFormField.swift */; };
		ED2CAA3E1BD6968C00472C3B /* STFormFillCell.swift in Sources */ = {isa = PBXBuildFile; fileRef = ED2CAA3C1BD6968C00472C3B /* STFormFillCell.swift */; };
		ED2CAA441BD6978800472C3B /* STFormField.swift in Sources */ = {isa = PBXBuildFile; fileRef = ED2CAA3B1BD6968C00472C3B /* STFormField.swift */; };
		ED2CAA451BD6978800472C3B /* STFormFillCell.swift in Sources */ = {isa = PBXBuildFile; fileRef = ED2CAA3C1BD6968C00472C3B /* STFormFillCell.swift */; };
		ED2CAA461BD6978800472C3B /* STFormFillController.swift in Sources */ = {isa = PBXBuildFile; fileRef = ED2CAA2F1BD695B600472C3B /* STFormFillController.swift */; };
		ED2CAA471BD6978800472C3B /* STFormFillControllerDelegate.swift in Sources */ = {isa = PBXBuildFile; fileRef = ED2CAA311BD695B600472C3B /* STFormFillControllerDelegate.swift */; };
		ED2CAA481BD6978800472C3B /* STFormFillDataType.swift in Sources */ = {isa = PBXBuildFile; fileRef = ED2CAA321BD695B600472C3B /* STFormFillDataType.swift */; };
		ED2CAA4E1BD6987000472C3B /* STFormFillCell.xib in Resources */ = {isa = PBXBuildFile; fileRef = ED2CAA4C1BD6987000472C3B /* STFormFillCell.xib */; };
		ED2CAA4F1BD6987000472C3B /* STFormFillController.xib in Resources */ = {isa = PBXBuildFile; fileRef = ED2CAA4D1BD6987000472C3B /* STFormFillController.xib */; };
		ED2CAA531BD698DC00472C3B /* STFormFillCell.xib in Resources */ = {isa = PBXBuildFile; fileRef = ED2CAA521BD698DC00472C3B /* STFormFillCell.xib */; };
		ED2CAA551BD6993A00472C3B /* STFormFillController.xib in Resources */ = {isa = PBXBuildFile; fileRef = ED2CAA541BD6993A00472C3B /* STFormFillController.xib */; };
		ED2CAA581BD6A0CB00472C3B /* CrossPlatformDeclarations.swift in Sources */ = {isa = PBXBuildFile; fileRef = ED2CAA561BD6A0CB00472C3B /* CrossPlatformDeclarations.swift */; };
		ED2CAA5A1BD6A3CD00472C3B /* STFormField.swift in Sources */ = {isa = PBXBuildFile; fileRef = ED2CAA3B1BD6968C00472C3B /* STFormField.swift */; };
		ED2CAA5B1BD6A3CD00472C3B /* STFormFillCell.swift in Sources */ = {isa = PBXBuildFile; fileRef = ED2CAA3C1BD6968C00472C3B /* STFormFillCell.swift */; };
		ED2CAA5C1BD6A3CD00472C3B /* STFormFillController.swift in Sources */ = {isa = PBXBuildFile; fileRef = ED2CAA2F1BD695B600472C3B /* STFormFillController.swift */; };
		ED2CAA5D1BD6A3CD00472C3B /* STFormFillControllerDelegate.swift in Sources */ = {isa = PBXBuildFile; fileRef = ED2CAA311BD695B600472C3B /* STFormFillControllerDelegate.swift */; };
		ED2CAA5E1BD6A3CD00472C3B /* STFormFillDataType.swift in Sources */ = {isa = PBXBuildFile; fileRef = ED2CAA321BD695B600472C3B /* STFormFillDataType.swift */; };
		ED2CAA611BD6AD6800472C3B /* STFormFillCell.xib in Resources */ = {isa = PBXBuildFile; fileRef = ED2CAA601BD6AD6800472C3B /* STFormFillCell.xib */; };
		ED2CAA631BD6AEF400472C3B /* STFormFillController.xib in Resources */ = {isa = PBXBuildFile; fileRef = ED2CAA621BD6AEF400472C3B /* STFormFillController.xib */; };
		ED2CAADB1BD7AEAD00472C3B /* CrossPlatformDeclarations.swift in Sources */ = {isa = PBXBuildFile; fileRef = ED2CAA561BD6A0CB00472C3B /* CrossPlatformDeclarations.swift */; };
		ED2CAADC1BD7AEB300472C3B /* CrossPlatformDeclarations.swift in Sources */ = {isa = PBXBuildFile; fileRef = ED2CAA561BD6A0CB00472C3B /* CrossPlatformDeclarations.swift */; };
		ED2CAAE61BD7BF0200472C3B /* STFormFieldDelegate.swift in Sources */ = {isa = PBXBuildFile; fileRef = ED2CAAE51BD7BF0200472C3B /* STFormFieldDelegate.swift */; };
		ED2CAAE71BD7BF0200472C3B /* STFormFieldDelegate.swift in Sources */ = {isa = PBXBuildFile; fileRef = ED2CAAE51BD7BF0200472C3B /* STFormFieldDelegate.swift */; };
		ED2CAAE81BD7BF0200472C3B /* STFormFieldDelegate.swift in Sources */ = {isa = PBXBuildFile; fileRef = ED2CAAE51BD7BF0200472C3B /* STFormFieldDelegate.swift */; };
		ED3D0F971BCA580F00D5695E /* SwifTrix.h in Headers */ = {isa = PBXBuildFile; fileRef = ED3D0F961BCA580F00D5695E /* SwifTrix.h */; settings = {ATTRIBUTES = (Public, ); }; };
		ED3D0F9E1BCA580F00D5695E /* SwifTrix.framework in Frameworks */ = {isa = PBXBuildFile; fileRef = ED3D0F931BCA580F00D5695E /* SwifTrix.framework */; };
		ED3D0FA31BCA580F00D5695E /* SwifTrixKeychainTests.swift in Sources */ = {isa = PBXBuildFile; fileRef = ED3D0FA21BCA580F00D5695E /* SwifTrixKeychainTests.swift */; };
		ED3D0FAE1BCA58A000D5695E /* STDatabase.swift in Sources */ = {isa = PBXBuildFile; fileRef = ED3D0FAD1BCA58A000D5695E /* STDatabase.swift */; };
		ED3D0FB31BCA71A800D5695E /* CoreData.framework in Frameworks */ = {isa = PBXBuildFile; fileRef = ED3D0FB21BCA71A800D5695E /* CoreData.framework */; };
		ED59EE801BD272F800A8857E /* SwifTrixDatabaseTests.swift in Sources */ = {isa = PBXBuildFile; fileRef = ED59EE7F1BD272F800A8857E /* SwifTrixDatabaseTests.swift */; };
		ED59EE811BD27AC400A8857E /* STDatabase+FetchRequests.swift in Sources */ = {isa = PBXBuildFile; fileRef = EDFF67AD1BD1117D00E5C9EC /* STDatabase+FetchRequests.swift */; };
		ED59EE8A1BD27BF300A8857E /* SwifTrixTV.h in Headers */ = {isa = PBXBuildFile; fileRef = ED59EE891BD27BF300A8857E /* SwifTrixTV.h */; settings = {ATTRIBUTES = (Public, ); }; };
		ED59EE911BD27BF300A8857E /* SwifTrix.framework in Frameworks */ = {isa = PBXBuildFile; fileRef = ED59EE871BD27BF300A8857E /* SwifTrix.framework */; };
		ED59EE961BD27BF300A8857E /* SwifTrixTVTests.swift in Sources */ = {isa = PBXBuildFile; fileRef = ED59EE951BD27BF300A8857E /* SwifTrixTVTests.swift */; };
		ED59EE9E1BD27C1300A8857E /* STKeychain.swift in Sources */ = {isa = PBXBuildFile; fileRef = EDFF67B91BD1168400E5C9EC /* STKeychain.swift */; };
		ED59EE9F1BD27C1300A8857E /* STKeychainError.swift in Sources */ = {isa = PBXBuildFile; fileRef = EDFF67BE1BD117B000E5C9EC /* STKeychainError.swift */; };
		ED59EEA01BD27C1300A8857E /* STKeychain+Items.swift in Sources */ = {isa = PBXBuildFile; fileRef = EDFF67C11BD1200100E5C9EC /* STKeychain+Items.swift */; };
		ED59EEA11BD27C1300A8857E /* STKeychainItem.swift in Sources */ = {isa = PBXBuildFile; fileRef = EDFF67C41BD1358200E5C9EC /* STKeychainItem.swift */; };
		ED59EEA21BD27C1300A8857E /* STKeychainGenericPassword.swift in Sources */ = {isa = PBXBuildFile; fileRef = EDFF67C71BD135B800E5C9EC /* STKeychainGenericPassword.swift */; };
		ED59EEA31BD27C1300A8857E /* STKeychainInternetPassword.swift in Sources */ = {isa = PBXBuildFile; fileRef = EDFF67CA1BD1391B00E5C9EC /* STKeychainInternetPassword.swift */; };
		ED59EEA41BD27C1300A8857E /* STKeychainCertificate.swift in Sources */ = {isa = PBXBuildFile; fileRef = EDFF67CD1BD13CD400E5C9EC /* STKeychainCertificate.swift */; };
		ED59EEA51BD27C1300A8857E /* STNetworkInterface.swift in Sources */ = {isa = PBXBuildFile; fileRef = EDFF67A91BD1113D00E5C9EC /* STNetworkInterface.swift */; };
		ED59EEA61BD27C1400A8857E /* STNetworkInterface+SessionDelegate.swift in Sources */ = {isa = PBXBuildFile; fileRef = EDFF67B51BD1139400E5C9EC /* STNetworkInterface+SessionDelegate.swift */; };
		ED59EEA71BD27C1400A8857E /* STDatabase.swift in Sources */ = {isa = PBXBuildFile; fileRef = ED3D0FAD1BCA58A000D5695E /* STDatabase.swift */; };
		ED59EEA81BD27C1400A8857E /* STDatabase+ChangeManagement.swift in Sources */ = {isa = PBXBuildFile; fileRef = EDFF67AC1BD1117D00E5C9EC /* STDatabase+ChangeManagement.swift */; };
		ED59EEA91BD27C1400A8857E /* STDatabase+FetchRequests.swift in Sources */ = {isa = PBXBuildFile; fileRef = EDFF67AD1BD1117D00E5C9EC /* STDatabase+FetchRequests.swift */; };
		ED59EEAA1BD27C1400A8857E /* STDatabase+ObjectCreation.swift in Sources */ = {isa = PBXBuildFile; fileRef = EDFF67AE1BD1117D00E5C9EC /* STDatabase+ObjectCreation.swift */; };
		ED59EEAC1BD27C2500A8857E /* CoreData.framework in Frameworks */ = {isa = PBXBuildFile; fileRef = ED59EEAB1BD27C2500A8857E /* CoreData.framework */; };
		ED59EEAE1BD27C2A00A8857E /* Security.framework in Frameworks */ = {isa = PBXBuildFile; fileRef = ED59EEAD1BD27C2A00A8857E /* Security.framework */; };
		EDFF67AA1BD1113D00E5C9EC /* STNetworkInterface.swift in Sources */ = {isa = PBXBuildFile; fileRef = EDFF67A91BD1113D00E5C9EC /* STNetworkInterface.swift */; };
		EDFF67AB1BD1113D00E5C9EC /* STNetworkInterface.swift in Sources */ = {isa = PBXBuildFile; fileRef = EDFF67A91BD1113D00E5C9EC /* STNetworkInterface.swift */; };
		EDFF67AF1BD1117D00E5C9EC /* STDatabase+ChangeManagement.swift in Sources */ = {isa = PBXBuildFile; fileRef = EDFF67AC1BD1117D00E5C9EC /* STDatabase+ChangeManagement.swift */; };
		EDFF67B01BD1117D00E5C9EC /* STDatabase+ChangeManagement.swift in Sources */ = {isa = PBXBuildFile; fileRef = EDFF67AC1BD1117D00E5C9EC /* STDatabase+ChangeManagement.swift */; };
		EDFF67B11BD1117D00E5C9EC /* STDatabase+FetchRequests.swift in Sources */ = {isa = PBXBuildFile; fileRef = EDFF67AD1BD1117D00E5C9EC /* STDatabase+FetchRequests.swift */; };
		EDFF67B21BD1117D00E5C9EC /* STDatabase+FetchRequests.swift in Sources */ = {isa = PBXBuildFile; fileRef = EDFF67AD1BD1117D00E5C9EC /* STDatabase+FetchRequests.swift */; };
		EDFF67B31BD1117D00E5C9EC /* STDatabase+ObjectCreation.swift in Sources */ = {isa = PBXBuildFile; fileRef = EDFF67AE1BD1117D00E5C9EC /* STDatabase+ObjectCreation.swift */; };
		EDFF67B41BD1117D00E5C9EC /* STDatabase+ObjectCreation.swift in Sources */ = {isa = PBXBuildFile; fileRef = EDFF67AE1BD1117D00E5C9EC /* STDatabase+ObjectCreation.swift */; };
		EDFF67B61BD1139400E5C9EC /* STNetworkInterface+SessionDelegate.swift in Sources */ = {isa = PBXBuildFile; fileRef = EDFF67B51BD1139400E5C9EC /* STNetworkInterface+SessionDelegate.swift */; };
		EDFF67B71BD1139400E5C9EC /* STNetworkInterface+SessionDelegate.swift in Sources */ = {isa = PBXBuildFile; fileRef = EDFF67B51BD1139400E5C9EC /* STNetworkInterface+SessionDelegate.swift */; };
		EDFF67BA1BD1168400E5C9EC /* STKeychain.swift in Sources */ = {isa = PBXBuildFile; fileRef = EDFF67B91BD1168400E5C9EC /* STKeychain.swift */; };
		EDFF67BB1BD1168400E5C9EC /* STKeychain.swift in Sources */ = {isa = PBXBuildFile; fileRef = EDFF67B91BD1168400E5C9EC /* STKeychain.swift */; };
		EDFF67BD1BD116F100E5C9EC /* Security.framework in Frameworks */ = {isa = PBXBuildFile; fileRef = EDFF67BC1BD116F100E5C9EC /* Security.framework */; };
		EDFF67BF1BD117B000E5C9EC /* STKeychainError.swift in Sources */ = {isa = PBXBuildFile; fileRef = EDFF67BE1BD117B000E5C9EC /* STKeychainError.swift */; };
		EDFF67C01BD117B000E5C9EC /* STKeychainError.swift in Sources */ = {isa = PBXBuildFile; fileRef = EDFF67BE1BD117B000E5C9EC /* STKeychainError.swift */; };
		EDFF67C21BD1200100E5C9EC /* STKeychain+Items.swift in Sources */ = {isa = PBXBuildFile; fileRef = EDFF67C11BD1200100E5C9EC /* STKeychain+Items.swift */; };
		EDFF67C31BD1200100E5C9EC /* STKeychain+Items.swift in Sources */ = {isa = PBXBuildFile; fileRef = EDFF67C11BD1200100E5C9EC /* STKeychain+Items.swift */; };
		EDFF67C51BD1358200E5C9EC /* STKeychainItem.swift in Sources */ = {isa = PBXBuildFile; fileRef = EDFF67C41BD1358200E5C9EC /* STKeychainItem.swift */; };
		EDFF67C61BD1358200E5C9EC /* STKeychainItem.swift in Sources */ = {isa = PBXBuildFile; fileRef = EDFF67C41BD1358200E5C9EC /* STKeychainItem.swift */; };
		EDFF67C81BD135B900E5C9EC /* STKeychainGenericPassword.swift in Sources */ = {isa = PBXBuildFile; fileRef = EDFF67C71BD135B800E5C9EC /* STKeychainGenericPassword.swift */; };
		EDFF67C91BD135B900E5C9EC /* STKeychainGenericPassword.swift in Sources */ = {isa = PBXBuildFile; fileRef = EDFF67C71BD135B800E5C9EC /* STKeychainGenericPassword.swift */; };
		EDFF67CB1BD1391B00E5C9EC /* STKeychainInternetPassword.swift in Sources */ = {isa = PBXBuildFile; fileRef = EDFF67CA1BD1391B00E5C9EC /* STKeychainInternetPassword.swift */; };
		EDFF67CC1BD1391B00E5C9EC /* STKeychainInternetPassword.swift in Sources */ = {isa = PBXBuildFile; fileRef = EDFF67CA1BD1391B00E5C9EC /* STKeychainInternetPassword.swift */; };
		EDFF67CE1BD13CD400E5C9EC /* STKeychainCertificate.swift in Sources */ = {isa = PBXBuildFile; fileRef = EDFF67CD1BD13CD400E5C9EC /* STKeychainCertificate.swift */; };
		EDFF67CF1BD13CD400E5C9EC /* STKeychainCertificate.swift in Sources */ = {isa = PBXBuildFile; fileRef = EDFF67CD1BD13CD400E5C9EC /* STKeychainCertificate.swift */; };
		EDFF68011BD14BFA00E5C9EC /* SwifTrixOSX.h in Headers */ = {isa = PBXBuildFile; fileRef = EDFF68001BD14BFA00E5C9EC /* SwifTrixOSX.h */; settings = {ATTRIBUTES = (Public, ); }; };
		EDFF68081BD14BFA00E5C9EC /* SwifTrix.framework in Frameworks */ = {isa = PBXBuildFile; fileRef = EDFF67FE1BD14BF900E5C9EC /* SwifTrix.framework */; };
		EDFF680D1BD14BFA00E5C9EC /* SwifTrixOSXTests.swift in Sources */ = {isa = PBXBuildFile; fileRef = EDFF680C1BD14BFA00E5C9EC /* SwifTrixOSXTests.swift */; };
		EDFF68151BD14C1500E5C9EC /* STKeychain.swift in Sources */ = {isa = PBXBuildFile; fileRef = EDFF67B91BD1168400E5C9EC /* STKeychain.swift */; };
		EDFF68161BD14C1500E5C9EC /* STKeychainError.swift in Sources */ = {isa = PBXBuildFile; fileRef = EDFF67BE1BD117B000E5C9EC /* STKeychainError.swift */; };
		EDFF68171BD14C1500E5C9EC /* STKeychain+Items.swift in Sources */ = {isa = PBXBuildFile; fileRef = EDFF67C11BD1200100E5C9EC /* STKeychain+Items.swift */; };
		EDFF68181BD14C1500E5C9EC /* STKeychainItem.swift in Sources */ = {isa = PBXBuildFile; fileRef = EDFF67C41BD1358200E5C9EC /* STKeychainItem.swift */; };
		EDFF68191BD14C1500E5C9EC /* STKeychainGenericPassword.swift in Sources */ = {isa = PBXBuildFile; fileRef = EDFF67C71BD135B800E5C9EC /* STKeychainGenericPassword.swift */; };
		EDFF681A1BD14C1500E5C9EC /* STKeychainInternetPassword.swift in Sources */ = {isa = PBXBuildFile; fileRef = EDFF67CA1BD1391B00E5C9EC /* STKeychainInternetPassword.swift */; };
		EDFF681B1BD14C1500E5C9EC /* STKeychainCertificate.swift in Sources */ = {isa = PBXBuildFile; fileRef = EDFF67CD1BD13CD400E5C9EC /* STKeychainCertificate.swift */; };
		EDFF681C1BD14C1500E5C9EC /* STNetworkInterface.swift in Sources */ = {isa = PBXBuildFile; fileRef = EDFF67A91BD1113D00E5C9EC /* STNetworkInterface.swift */; };
		EDFF681D1BD14C1500E5C9EC /* STNetworkInterface+SessionDelegate.swift in Sources */ = {isa = PBXBuildFile; fileRef = EDFF67B51BD1139400E5C9EC /* STNetworkInterface+SessionDelegate.swift */; };
		EDFF681E1BD14C1500E5C9EC /* STDatabase.swift in Sources */ = {isa = PBXBuildFile; fileRef = ED3D0FAD1BCA58A000D5695E /* STDatabase.swift */; };
		EDFF681F1BD14C1500E5C9EC /* STDatabase+ChangeManagement.swift in Sources */ = {isa = PBXBuildFile; fileRef = EDFF67AC1BD1117D00E5C9EC /* STDatabase+ChangeManagement.swift */; };
		EDFF68211BD14C1500E5C9EC /* STDatabase+ObjectCreation.swift in Sources */ = {isa = PBXBuildFile; fileRef = EDFF67AE1BD1117D00E5C9EC /* STDatabase+ObjectCreation.swift */; };
		EDFF68231BD14C6100E5C9EC /* CoreData.framework in Frameworks */ = {isa = PBXBuildFile; fileRef = EDFF68221BD14C6100E5C9EC /* CoreData.framework */; };
		EDFF68251BD14C6700E5C9EC /* Security.framework in Frameworks */ = {isa = PBXBuildFile; fileRef = EDFF68241BD14C6700E5C9EC /* Security.framework */; };
		EDFF68261BD162C500E5C9EC /* STDatabase.swift in Sources */ = {isa = PBXBuildFile; fileRef = ED3D0FAD1BCA58A000D5695E /* STDatabase.swift */; };
/* End PBXBuildFile section */

/* Begin PBXContainerItemProxy section */
		ED3D0F9F1BCA580F00D5695E /* PBXContainerItemProxy */ = {
			isa = PBXContainerItemProxy;
			containerPortal = ED3D0F8A1BCA580F00D5695E /* Project object */;
			proxyType = 1;
			remoteGlobalIDString = ED3D0F921BCA580F00D5695E;
			remoteInfo = SwifTrix;
		};
		ED59EE921BD27BF300A8857E /* PBXContainerItemProxy */ = {
			isa = PBXContainerItemProxy;
			containerPortal = ED3D0F8A1BCA580F00D5695E /* Project object */;
			proxyType = 1;
			remoteGlobalIDString = ED59EE861BD27BF300A8857E;
			remoteInfo = SwifTrixTV;
		};
		EDFF68091BD14BFA00E5C9EC /* PBXContainerItemProxy */ = {
			isa = PBXContainerItemProxy;
			containerPortal = ED3D0F8A1BCA580F00D5695E /* Project object */;
			proxyType = 1;
			remoteGlobalIDString = EDFF67FD1BD14BF900E5C9EC;
			remoteInfo = SwifTrixOSX;
		};
/* End PBXContainerItemProxy section */

/* Begin PBXFileReference section */
		ED00504D1BD4329D0043528B /* STJSONPackage.swift */ = {isa = PBXFileReference; fileEncoding = 4; lastKnownFileType = sourcecode.swift; name = STJSONPackage.swift; path = Network/STJSONPackage.swift; sourceTree = "<group>"; };
		ED00504F1BD4331B0043528B /* STNetworkError.swift */ = {isa = PBXFileReference; fileEncoding = 4; lastKnownFileType = sourcecode.swift; name = STNetworkError.swift; path = Network/STNetworkError.swift; sourceTree = "<group>"; };
		ED0050541BD43C2A0043528B /* STJSONError.swift */ = {isa = PBXFileReference; fileEncoding = 4; lastKnownFileType = sourcecode.swift; name = STJSONError.swift; path = Network/STJSONError.swift; sourceTree = "<group>"; };
		ED00505F1BD452B90043528B /* STJSONParser.swift */ = {isa = PBXFileReference; fileEncoding = 4; lastKnownFileType = sourcecode.swift; name = STJSONParser.swift; path = "Network+Database/STJSONParser.swift"; sourceTree = "<group>"; };
		ED0050631BD45EF10043528B /* SwifTrixJSONParserTests.swift */ = {isa = PBXFileReference; fileEncoding = 4; lastKnownFileType = sourcecode.swift; path = SwifTrixJSONParserTests.swift; sourceTree = "<group>"; };
		ED076CB81BCAA8C800B53396 /* SwifTrixPerformanceTests.swift */ = {isa = PBXFileReference; fileEncoding = 4; lastKnownFileType = sourcecode.swift; path = SwifTrixPerformanceTests.swift; sourceTree = "<group>"; };
		ED076CBB1BCAAFC200B53396 /* TestDataModel.xcdatamodel */ = {isa = PBXFileReference; lastKnownFileType = wrapper.xcdatamodel; path = TestDataModel.xcdatamodel; sourceTree = "<group>"; };
		ED076CBD1BCAB0FE00B53396 /* Book+CoreDataProperties.swift */ = {isa = PBXFileReference; fileEncoding = 4; lastKnownFileType = sourcecode.swift; path = "Book+CoreDataProperties.swift"; sourceTree = "<group>"; };
		ED076CBE1BCAB0FE00B53396 /* Book.swift */ = {isa = PBXFileReference; fileEncoding = 4; lastKnownFileType = sourcecode.swift; path = Book.swift; sourceTree = "<group>"; };
		ED076CBF1BCAB0FE00B53396 /* Page+CoreDataProperties.swift */ = {isa = PBXFileReference; fileEncoding = 4; lastKnownFileType = sourcecode.swift; path = "Page+CoreDataProperties.swift"; sourceTree = "<group>"; };
		ED076CC01BCAB0FE00B53396 /* Page.swift */ = {isa = PBXFileReference; fileEncoding = 4; lastKnownFileType = sourcecode.swift; path = Page.swift; sourceTree = "<group>"; };
		ED076CC11BCAB0FE00B53396 /* Bookworm+CoreDataProperties.swift */ = {isa = PBXFileReference; fileEncoding = 4; lastKnownFileType = sourcecode.swift; path = "Bookworm+CoreDataProperties.swift"; sourceTree = "<group>"; };
		ED076CC21BCAB0FE00B53396 /* Bookworm.swift */ = {isa = PBXFileReference; fileEncoding = 4; lastKnownFileType = sourcecode.swift; path = Bookworm.swift; sourceTree = "<group>"; };
		ED2CAA2F1BD695B600472C3B /* STFormFillController.swift */ = {isa = PBXFileReference; fileEncoding = 4; lastKnownFileType = sourcecode.swift; name = STFormFillController.swift; path = "User Interface/FormFill/STFormFillController.swift"; sourceTree = "<group>"; };
		ED2CAA311BD695B600472C3B /* STFormFillControllerDelegate.swift */ = {isa = PBXFileReference; fileEncoding = 4; lastKnownFileType = sourcecode.swift; name = STFormFillControllerDelegate.swift; path = "User Interface/FormFill/STFormFillControllerDelegate.swift"; sourceTree = "<group>"; };
		ED2CAA321BD695B600472C3B /* STFormFillDataType.swift */ = {isa = PBXFileReference; fileEncoding = 4; lastKnownFileType = sourcecode.swift; name = STFormFillDataType.swift; path = "User Interface/FormFill/STFormFillDataType.swift"; sourceTree = "<group>"; };
		ED2CAA3B1BD6968C00472C3B /* STFormField.swift */ = {isa = PBXFileReference; fileEncoding = 4; lastKnownFileType = sourcecode.swift; name = STFormField.swift; path = "User Interface/FormFill/STFormField.swift"; sourceTree = "<group>"; };
		ED2CAA3C1BD6968C00472C3B /* STFormFillCell.swift */ = {isa = PBXFileReference; fileEncoding = 4; lastKnownFileType = sourcecode.swift; name = STFormFillCell.swift; path = "User Interface/FormFill/STFormFillCell.swift"; sourceTree = "<group>"; };
		ED2CAA4C1BD6987000472C3B /* STFormFillCell.xib */ = {isa = PBXFileReference; fileEncoding = 4; lastKnownFileType = file.xib; name = STFormFillCell.xib; path = "User Interface/FormFill/iOS/STFormFillCell.xib"; sourceTree = "<group>"; };
		ED2CAA4D1BD6987000472C3B /* STFormFillController.xib */ = {isa = PBXFileReference; fileEncoding = 4; lastKnownFileType = file.xib; name = STFormFillController.xib; path = "User Interface/FormFill/iOS/STFormFillController.xib"; sourceTree = "<group>"; };
		ED2CAA521BD698DC00472C3B /* STFormFillCell.xib */ = {isa = PBXFileReference; fileEncoding = 4; lastKnownFileType = file.xib; name = STFormFillCell.xib; path = "User Interface/FormFill/tvOS/STFormFillCell.xib"; sourceTree = "<group>"; };
		ED2CAA541BD6993A00472C3B /* STFormFillController.xib */ = {isa = PBXFileReference; fileEncoding = 4; lastKnownFileType = file.xib; name = STFormFillController.xib; path = "User Interface/FormFill/tvOS/STFormFillController.xib"; sourceTree = "<group>"; };
		ED2CAA561BD6A0CB00472C3B /* CrossPlatformDeclarations.swift */ = {isa = PBXFileReference; fileEncoding = 4; lastKnownFileType = sourcecode.swift; name = CrossPlatformDeclarations.swift; path = "User Interface/CrossPlatformDeclarations.swift"; sourceTree = "<group>"; };
		ED2CAA601BD6AD6800472C3B /* STFormFillCell.xib */ = {isa = PBXFileReference; fileEncoding = 4; lastKnownFileType = file.xib; name = STFormFillCell.xib; path = "User Interface/FormFill/OSX/STFormFillCell.xib"; sourceTree = "<group>"; };
		ED2CAA621BD6AEF400472C3B /* STFormFillController.xib */ = {isa = PBXFileReference; fileEncoding = 4; lastKnownFileType = file.xib; name = STFormFillController.xib; path = "User Interface/FormFill/OSX/STFormFillController.xib"; sourceTree = "<group>"; };
		ED2CAAE51BD7BF0200472C3B /* STFormFieldDelegate.swift */ = {isa = PBXFileReference; fileEncoding = 4; lastKnownFileType = sourcecode.swift; name = STFormFieldDelegate.swift; path = "User Interface/FormFill/STFormFieldDelegate.swift"; sourceTree = "<group>"; };
		ED3D0F931BCA580F00D5695E /* SwifTrix.framework */ = {isa = PBXFileReference; explicitFileType = wrapper.framework; includeInIndex = 0; path = SwifTrix.framework; sourceTree = BUILT_PRODUCTS_DIR; };
		ED3D0F961BCA580F00D5695E /* SwifTrix.h */ = {isa = PBXFileReference; lastKnownFileType = sourcecode.c.h; path = SwifTrix.h; sourceTree = "<group>"; };
		ED3D0F981BCA580F00D5695E /* Info.plist */ = {isa = PBXFileReference; lastKnownFileType = text.plist.xml; path = Info.plist; sourceTree = "<group>"; };
		ED3D0F9D1BCA580F00D5695E /* SwifTrixTests.xctest */ = {isa = PBXFileReference; explicitFileType = wrapper.cfbundle; includeInIndex = 0; path = SwifTrixTests.xctest; sourceTree = BUILT_PRODUCTS_DIR; };
		ED3D0FA21BCA580F00D5695E /* SwifTrixKeychainTests.swift */ = {isa = PBXFileReference; lastKnownFileType = sourcecode.swift; path = SwifTrixKeychainTests.swift; sourceTree = "<group>"; };
		ED3D0FA41BCA580F00D5695E /* Info.plist */ = {isa = PBXFileReference; lastKnownFileType = text.plist.xml; path = Info.plist; sourceTree = "<group>"; };
		ED3D0FAD1BCA58A000D5695E /* STDatabase.swift */ = {isa = PBXFileReference; fileEncoding = 4; lastKnownFileType = sourcecode.swift; name = STDatabase.swift; path = Database/STDatabase.swift; sourceTree = "<group>"; };
		ED3D0FB21BCA71A800D5695E /* CoreData.framework */ = {isa = PBXFileReference; lastKnownFileType = wrapper.framework; name = CoreData.framework; path = System/Library/Frameworks/CoreData.framework; sourceTree = SDKROOT; };
		ED59EE7F1BD272F800A8857E /* SwifTrixDatabaseTests.swift */ = {isa = PBXFileReference; fileEncoding = 4; lastKnownFileType = sourcecode.swift; path = SwifTrixDatabaseTests.swift; sourceTree = "<group>"; };
		ED59EE871BD27BF300A8857E /* SwifTrix.framework */ = {isa = PBXFileReference; explicitFileType = wrapper.framework; includeInIndex = 0; path = SwifTrix.framework; sourceTree = BUILT_PRODUCTS_DIR; };
		ED59EE891BD27BF300A8857E /* SwifTrixTV.h */ = {isa = PBXFileReference; lastKnownFileType = sourcecode.c.h; path = SwifTrixTV.h; sourceTree = "<group>"; };
		ED59EE8B1BD27BF300A8857E /* Info.plist */ = {isa = PBXFileReference; lastKnownFileType = text.plist.xml; path = Info.plist; sourceTree = "<group>"; };
		ED59EE901BD27BF300A8857E /* SwifTrixTVTests.xctest */ = {isa = PBXFileReference; explicitFileType = wrapper.cfbundle; includeInIndex = 0; path = SwifTrixTVTests.xctest; sourceTree = BUILT_PRODUCTS_DIR; };
		ED59EE951BD27BF300A8857E /* SwifTrixTVTests.swift */ = {isa = PBXFileReference; lastKnownFileType = sourcecode.swift; path = SwifTrixTVTests.swift; sourceTree = "<group>"; };
		ED59EE971BD27BF300A8857E /* Info.plist */ = {isa = PBXFileReference; lastKnownFileType = text.plist.xml; path = Info.plist; sourceTree = "<group>"; };
		ED59EEAB1BD27C2500A8857E /* CoreData.framework */ = {isa = PBXFileReference; lastKnownFileType = wrapper.framework; name = CoreData.framework; path = Platforms/AppleTVOS.platform/Developer/SDKs/AppleTVOS9.0.sdk/System/Library/Frameworks/CoreData.framework; sourceTree = DEVELOPER_DIR; };
		ED59EEAD1BD27C2A00A8857E /* Security.framework */ = {isa = PBXFileReference; lastKnownFileType = wrapper.framework; name = Security.framework; path = Platforms/AppleTVOS.platform/Developer/SDKs/AppleTVOS9.0.sdk/System/Library/Frameworks/Security.framework; sourceTree = DEVELOPER_DIR; };
		EDFF67A91BD1113D00E5C9EC /* STNetworkInterface.swift */ = {isa = PBXFileReference; fileEncoding = 4; lastKnownFileType = sourcecode.swift; name = STNetworkInterface.swift; path = Network/STNetworkInterface.swift; sourceTree = "<group>"; };
		EDFF67AC1BD1117D00E5C9EC /* STDatabase+ChangeManagement.swift */ = {isa = PBXFileReference; fileEncoding = 4; lastKnownFileType = sourcecode.swift; name = "STDatabase+ChangeManagement.swift"; path = "Database/STDatabase+ChangeManagement.swift"; sourceTree = "<group>"; };
		EDFF67AD1BD1117D00E5C9EC /* STDatabase+FetchRequests.swift */ = {isa = PBXFileReference; fileEncoding = 4; lastKnownFileType = sourcecode.swift; name = "STDatabase+FetchRequests.swift"; path = "Database/STDatabase+FetchRequests.swift"; sourceTree = "<group>"; };
		EDFF67AE1BD1117D00E5C9EC /* STDatabase+ObjectCreation.swift */ = {isa = PBXFileReference; fileEncoding = 4; lastKnownFileType = sourcecode.swift; name = "STDatabase+ObjectCreation.swift"; path = "Database/STDatabase+ObjectCreation.swift"; sourceTree = "<group>"; };
		EDFF67B51BD1139400E5C9EC /* STNetworkInterface+SessionDelegate.swift */ = {isa = PBXFileReference; fileEncoding = 4; lastKnownFileType = sourcecode.swift; name = "STNetworkInterface+SessionDelegate.swift"; path = "Network/STNetworkInterface+SessionDelegate.swift"; sourceTree = "<group>"; };
		EDFF67B91BD1168400E5C9EC /* STKeychain.swift */ = {isa = PBXFileReference; fileEncoding = 4; lastKnownFileType = sourcecode.swift; name = STKeychain.swift; path = Keychain/STKeychain.swift; sourceTree = "<group>"; };
		EDFF67BC1BD116F100E5C9EC /* Security.framework */ = {isa = PBXFileReference; lastKnownFileType = wrapper.framework; name = Security.framework; path = System/Library/Frameworks/Security.framework; sourceTree = SDKROOT; };
		EDFF67BE1BD117B000E5C9EC /* STKeychainError.swift */ = {isa = PBXFileReference; fileEncoding = 4; lastKnownFileType = sourcecode.swift; name = STKeychainError.swift; path = Keychain/STKeychainError.swift; sourceTree = "<group>"; };
		EDFF67C11BD1200100E5C9EC /* STKeychain+Items.swift */ = {isa = PBXFileReference; fileEncoding = 4; lastKnownFileType = sourcecode.swift; name = "STKeychain+Items.swift"; path = "Keychain/STKeychain+Items.swift"; sourceTree = "<group>"; };
		EDFF67C41BD1358200E5C9EC /* STKeychainItem.swift */ = {isa = PBXFileReference; fileEncoding = 4; lastKnownFileType = sourcecode.swift; name = STKeychainItem.swift; path = Keychain/STKeychainItem.swift; sourceTree = "<group>"; };
		EDFF67C71BD135B800E5C9EC /* STKeychainGenericPassword.swift */ = {isa = PBXFileReference; fileEncoding = 4; lastKnownFileType = sourcecode.swift; name = STKeychainGenericPassword.swift; path = Keychain/STKeychainGenericPassword.swift; sourceTree = "<group>"; };
		EDFF67CA1BD1391B00E5C9EC /* STKeychainInternetPassword.swift */ = {isa = PBXFileReference; fileEncoding = 4; lastKnownFileType = sourcecode.swift; name = STKeychainInternetPassword.swift; path = Keychain/STKeychainInternetPassword.swift; sourceTree = "<group>"; };
		EDFF67CD1BD13CD400E5C9EC /* STKeychainCertificate.swift */ = {isa = PBXFileReference; fileEncoding = 4; lastKnownFileType = sourcecode.swift; name = STKeychainCertificate.swift; path = Keychain/STKeychainCertificate.swift; sourceTree = "<group>"; };
		EDFF67FE1BD14BF900E5C9EC /* SwifTrix.framework */ = {isa = PBXFileReference; explicitFileType = wrapper.framework; includeInIndex = 0; path = SwifTrix.framework; sourceTree = BUILT_PRODUCTS_DIR; };
		EDFF68001BD14BFA00E5C9EC /* SwifTrixOSX.h */ = {isa = PBXFileReference; lastKnownFileType = sourcecode.c.h; path = SwifTrixOSX.h; sourceTree = "<group>"; };
		EDFF68021BD14BFA00E5C9EC /* Info.plist */ = {isa = PBXFileReference; lastKnownFileType = text.plist.xml; path = Info.plist; sourceTree = "<group>"; };
		EDFF68071BD14BFA00E5C9EC /* SwifTrixOSXTests.xctest */ = {isa = PBXFileReference; explicitFileType = wrapper.cfbundle; includeInIndex = 0; path = SwifTrixOSXTests.xctest; sourceTree = BUILT_PRODUCTS_DIR; };
		EDFF680C1BD14BFA00E5C9EC /* SwifTrixOSXTests.swift */ = {isa = PBXFileReference; lastKnownFileType = sourcecode.swift; path = SwifTrixOSXTests.swift; sourceTree = "<group>"; };
		EDFF680E1BD14BFA00E5C9EC /* Info.plist */ = {isa = PBXFileReference; lastKnownFileType = text.plist.xml; path = Info.plist; sourceTree = "<group>"; };
		EDFF68221BD14C6100E5C9EC /* CoreData.framework */ = {isa = PBXFileReference; lastKnownFileType = wrapper.framework; name = CoreData.framework; path = Platforms/MacOSX.platform/Developer/SDKs/MacOSX10.11.sdk/System/Library/Frameworks/CoreData.framework; sourceTree = DEVELOPER_DIR; };
		EDFF68241BD14C6700E5C9EC /* Security.framework */ = {isa = PBXFileReference; lastKnownFileType = wrapper.framework; name = Security.framework; path = Platforms/MacOSX.platform/Developer/SDKs/MacOSX10.11.sdk/System/Library/Frameworks/Security.framework; sourceTree = DEVELOPER_DIR; };
/* End PBXFileReference section */

/* Begin PBXFrameworksBuildPhase section */
		ED3D0F8F1BCA580F00D5695E /* Frameworks */ = {
			isa = PBXFrameworksBuildPhase;
			buildActionMask = 2147483647;
			files = (
				EDFF67BD1BD116F100E5C9EC /* Security.framework in Frameworks */,
				ED3D0FB31BCA71A800D5695E /* CoreData.framework in Frameworks */,
			);
			runOnlyForDeploymentPostprocessing = 0;
		};
		ED3D0F9A1BCA580F00D5695E /* Frameworks */ = {
			isa = PBXFrameworksBuildPhase;
			buildActionMask = 2147483647;
			files = (
				ED3D0F9E1BCA580F00D5695E /* SwifTrix.framework in Frameworks */,
			);
			runOnlyForDeploymentPostprocessing = 0;
		};
		ED59EE831BD27BF300A8857E /* Frameworks */ = {
			isa = PBXFrameworksBuildPhase;
			buildActionMask = 2147483647;
			files = (
				ED59EEAE1BD27C2A00A8857E /* Security.framework in Frameworks */,
				ED59EEAC1BD27C2500A8857E /* CoreData.framework in Frameworks */,
			);
			runOnlyForDeploymentPostprocessing = 0;
		};
		ED59EE8D1BD27BF300A8857E /* Frameworks */ = {
			isa = PBXFrameworksBuildPhase;
			buildActionMask = 2147483647;
			files = (
				ED59EE911BD27BF300A8857E /* SwifTrix.framework in Frameworks */,
			);
			runOnlyForDeploymentPostprocessing = 0;
		};
		EDFF67FA1BD14BF900E5C9EC /* Frameworks */ = {
			isa = PBXFrameworksBuildPhase;
			buildActionMask = 2147483647;
			files = (
				EDFF68251BD14C6700E5C9EC /* Security.framework in Frameworks */,
				EDFF68231BD14C6100E5C9EC /* CoreData.framework in Frameworks */,
			);
			runOnlyForDeploymentPostprocessing = 0;
		};
		EDFF68041BD14BFA00E5C9EC /* Frameworks */ = {
			isa = PBXFrameworksBuildPhase;
			buildActionMask = 2147483647;
			files = (
				EDFF68081BD14BFA00E5C9EC /* SwifTrix.framework in Frameworks */,
			);
			runOnlyForDeploymentPostprocessing = 0;
		};
/* End PBXFrameworksBuildPhase section */

/* Begin PBXGroup section */
		ED00505C1BD452190043528B /* Network+Database */ = {
			isa = PBXGroup;
			children = (
				ED00505F1BD452B90043528B /* STJSONParser.swift */,
			);
			name = "Network+Database";
			sourceTree = "<group>";
		};
		ED076CC91BCAB10100B53396 /* Entities */ = {
			isa = PBXGroup;
			children = (
				ED076CBD1BCAB0FE00B53396 /* Book+CoreDataProperties.swift */,
				ED076CBE1BCAB0FE00B53396 /* Book.swift */,
				ED076CBF1BCAB0FE00B53396 /* Page+CoreDataProperties.swift */,
				ED076CC01BCAB0FE00B53396 /* Page.swift */,
				ED076CC11BCAB0FE00B53396 /* Bookworm+CoreDataProperties.swift */,
				ED076CC21BCAB0FE00B53396 /* Bookworm.swift */,
			);
			name = Entities;
			sourceTree = "<group>";
		};
		ED2CAA381BD695B900472C3B /* User Interface */ = {
			isa = PBXGroup;
			children = (
				ED2CAA561BD6A0CB00472C3B /* CrossPlatformDeclarations.swift */,
				ED2CAA3A1BD695C400472C3B /* Form Filling */,
			);
			name = "User Interface";
			sourceTree = "<group>";
		};
		ED2CAA3A1BD695C400472C3B /* Form Filling */ = {
			isa = PBXGroup;
			children = (
				ED2CAA4A1BD6980200472C3B /* iOS/tvOS */,
			);
			name = "Form Filling";
			sourceTree = "<group>";
		};
		ED2CAA491BD697FB00472C3B /* iOS */ = {
			isa = PBXGroup;
			children = (
				ED2CAA4C1BD6987000472C3B /* STFormFillCell.xib */,
				ED2CAA4D1BD6987000472C3B /* STFormFillController.xib */,
			);
			name = iOS;
			sourceTree = "<group>";
		};
		ED2CAA4A1BD6980200472C3B /* iOS/tvOS */ = {
			isa = PBXGroup;
			children = (
				ED2CAA5F1BD6AD3600472C3B /* MacOS */,
				ED2CAA4B1BD6981800472C3B /* tvOS */,
				ED2CAA491BD697FB00472C3B /* iOS */,
				ED2CAA3B1BD6968C00472C3B /* STFormField.swift */,
				ED2CAAE51BD7BF0200472C3B /* STFormFieldDelegate.swift */,
				ED2CAA3C1BD6968C00472C3B /* STFormFillCell.swift */,
				ED2CAA2F1BD695B600472C3B /* STFormFillController.swift */,
				ED2CAA311BD695B600472C3B /* STFormFillControllerDelegate.swift */,
				ED2CAA321BD695B600472C3B /* STFormFillDataType.swift */,
			);
			name = iOS/tvOS;
			sourceTree = "<group>";
		};
		ED2CAA4B1BD6981800472C3B /* tvOS */ = {
			isa = PBXGroup;
			children = (
				ED2CAA521BD698DC00472C3B /* STFormFillCell.xib */,
				ED2CAA541BD6993A00472C3B /* STFormFillController.xib */,
			);
			name = tvOS;
			sourceTree = "<group>";
		};
		ED2CAA5F1BD6AD3600472C3B /* MacOS */ = {
			isa = PBXGroup;
			children = (
				ED2CAA601BD6AD6800472C3B /* STFormFillCell.xib */,
				ED2CAA621BD6AEF400472C3B /* STFormFillController.xib */,
			);
			name = MacOS;
			sourceTree = "<group>";
		};
		ED3D0F891BCA580F00D5695E = {
			isa = PBXGroup;
			children = (
				ED2CAA381BD695B900472C3B /* User Interface */,
				ED00505C1BD452190043528B /* Network+Database */,
				EDFF67B81BD1165E00E5C9EC /* Security */,
				EDFF67A81BD110FF00E5C9EC /* Network */,
				ED3D0FAF1BCA58A600D5695E /* Database */,
				ED3D0F951BCA580F00D5695E /* SwifTrix */,
				ED3D0FA11BCA580F00D5695E /* SwifTrixTests */,
				EDFF67FF1BD14BFA00E5C9EC /* SwifTrixOSX */,
				EDFF680B1BD14BFA00E5C9EC /* SwifTrixOSXTests */,
				ED59EE881BD27BF300A8857E /* SwifTrixTV */,
				ED59EE941BD27BF300A8857E /* SwifTrixTVTests */,
				ED3D0FB41BCA71AE00D5695E /* Frameworks */,
				ED3D0F941BCA580F00D5695E /* Products */,
			);
			sourceTree = "<group>";
		};
		ED3D0F941BCA580F00D5695E /* Products */ = {
			isa = PBXGroup;
			children = (
				ED3D0F931BCA580F00D5695E /* SwifTrix.framework */,
				ED3D0F9D1BCA580F00D5695E /* SwifTrixTests.xctest */,
				EDFF67FE1BD14BF900E5C9EC /* SwifTrix.framework */,
				EDFF68071BD14BFA00E5C9EC /* SwifTrixOSXTests.xctest */,
				ED59EE871BD27BF300A8857E /* SwifTrix.framework */,
				ED59EE901BD27BF300A8857E /* SwifTrixTVTests.xctest */,
			);
			name = Products;
			sourceTree = "<group>";
		};
		ED3D0F951BCA580F00D5695E /* SwifTrix */ = {
			isa = PBXGroup;
			children = (
				ED3D0F961BCA580F00D5695E /* SwifTrix.h */,
				ED3D0F981BCA580F00D5695E /* Info.plist */,
			);
			path = SwifTrix;
			sourceTree = "<group>";
		};
		ED3D0FA11BCA580F00D5695E /* SwifTrixTests */ = {
			isa = PBXGroup;
			children = (
				ED076CC91BCAB10100B53396 /* Entities */,
				ED3D0FA21BCA580F00D5695E /* SwifTrixKeychainTests.swift */,
				ED0050631BD45EF10043528B /* SwifTrixJSONParserTests.swift */,
				ED59EE7F1BD272F800A8857E /* SwifTrixDatabaseTests.swift */,
				ED3D0FA41BCA580F00D5695E /* Info.plist */,
				ED076CB81BCAA8C800B53396 /* SwifTrixPerformanceTests.swift */,
				ED076CBA1BCAAFC200B53396 /* TestDataModel.xcdatamodeld */,
			);
			path = SwifTrixTests;
			sourceTree = "<group>";
		};
		ED3D0FAF1BCA58A600D5695E /* Database */ = {
			isa = PBXGroup;
			children = (
				ED3D0FAD1BCA58A000D5695E /* STDatabase.swift */,
				EDFF67AC1BD1117D00E5C9EC /* STDatabase+ChangeManagement.swift */,
				EDFF67AD1BD1117D00E5C9EC /* STDatabase+FetchRequests.swift */,
				EDFF67AE1BD1117D00E5C9EC /* STDatabase+ObjectCreation.swift */,
			);
			name = Database;
			sourceTree = "<group>";
		};
		ED3D0FB41BCA71AE00D5695E /* Frameworks */ = {
			isa = PBXGroup;
			children = (
				ED59EEAD1BD27C2A00A8857E /* Security.framework */,
				ED59EEAB1BD27C2500A8857E /* CoreData.framework */,
				EDFF68241BD14C6700E5C9EC /* Security.framework */,
				EDFF68221BD14C6100E5C9EC /* CoreData.framework */,
				EDFF67BC1BD116F100E5C9EC /* Security.framework */,
				ED3D0FB21BCA71A800D5695E /* CoreData.framework */,
			);
			name = Frameworks;
			sourceTree = "<group>";
		};
		ED59EE881BD27BF300A8857E /* SwifTrixTV */ = {
			isa = PBXGroup;
			children = (
				ED59EE891BD27BF300A8857E /* SwifTrixTV.h */,
				ED59EE8B1BD27BF300A8857E /* Info.plist */,
			);
			path = SwifTrixTV;
			sourceTree = "<group>";
		};
		ED59EE941BD27BF300A8857E /* SwifTrixTVTests */ = {
			isa = PBXGroup;
			children = (
				ED59EE951BD27BF300A8857E /* SwifTrixTVTests.swift */,
				ED59EE971BD27BF300A8857E /* Info.plist */,
			);
			path = SwifTrixTVTests;
			sourceTree = "<group>";
		};
		EDFF67A81BD110FF00E5C9EC /* Network */ = {
			isa = PBXGroup;
			children = (
				EDFF67A91BD1113D00E5C9EC /* STNetworkInterface.swift */,
				ED00504F1BD4331B0043528B /* STNetworkError.swift */,
				EDFF67B51BD1139400E5C9EC /* STNetworkInterface+SessionDelegate.swift */,
				ED00504D1BD4329D0043528B /* STJSONPackage.swift */,
				ED0050541BD43C2A0043528B /* STJSONError.swift */,
			);
			name = Network;
			sourceTree = "<group>";
		};
		EDFF67B81BD1165E00E5C9EC /* Security */ = {
			isa = PBXGroup;
			children = (
				EDFF67B91BD1168400E5C9EC /* STKeychain.swift */,
				EDFF67BE1BD117B000E5C9EC /* STKeychainError.swift */,
				EDFF67C11BD1200100E5C9EC /* STKeychain+Items.swift */,
				EDFF67C41BD1358200E5C9EC /* STKeychainItem.swift */,
				EDFF67C71BD135B800E5C9EC /* STKeychainGenericPassword.swift */,
				EDFF67CA1BD1391B00E5C9EC /* STKeychainInternetPassword.swift */,
				EDFF67CD1BD13CD400E5C9EC /* STKeychainCertificate.swift */,
			);
			name = Security;
			sourceTree = "<group>";
		};
		EDFF67FF1BD14BFA00E5C9EC /* SwifTrixOSX */ = {
			isa = PBXGroup;
			children = (
				EDFF68001BD14BFA00E5C9EC /* SwifTrixOSX.h */,
				EDFF68021BD14BFA00E5C9EC /* Info.plist */,
			);
			path = SwifTrixOSX;
			sourceTree = "<group>";
		};
		EDFF680B1BD14BFA00E5C9EC /* SwifTrixOSXTests */ = {
			isa = PBXGroup;
			children = (
				EDFF680C1BD14BFA00E5C9EC /* SwifTrixOSXTests.swift */,
				EDFF680E1BD14BFA00E5C9EC /* Info.plist */,
			);
			path = SwifTrixOSXTests;
			sourceTree = "<group>";
		};
/* End PBXGroup section */

/* Begin PBXHeadersBuildPhase section */
		ED3D0F901BCA580F00D5695E /* Headers */ = {
			isa = PBXHeadersBuildPhase;
			buildActionMask = 2147483647;
			files = (
				ED3D0F971BCA580F00D5695E /* SwifTrix.h in Headers */,
			);
			runOnlyForDeploymentPostprocessing = 0;
		};
		ED59EE841BD27BF300A8857E /* Headers */ = {
			isa = PBXHeadersBuildPhase;
			buildActionMask = 2147483647;
			files = (
				ED59EE8A1BD27BF300A8857E /* SwifTrixTV.h in Headers */,
			);
			runOnlyForDeploymentPostprocessing = 0;
		};
		EDFF67FB1BD14BF900E5C9EC /* Headers */ = {
			isa = PBXHeadersBuildPhase;
			buildActionMask = 2147483647;
			files = (
				EDFF68011BD14BFA00E5C9EC /* SwifTrixOSX.h in Headers */,
			);
			runOnlyForDeploymentPostprocessing = 0;
		};
/* End PBXHeadersBuildPhase section */

/* Begin PBXNativeTarget section */
		ED3D0F921BCA580F00D5695E /* SwifTrix */ = {
			isa = PBXNativeTarget;
			buildConfigurationList = ED3D0FA71BCA580F00D5695E /* Build configuration list for PBXNativeTarget "SwifTrix" */;
			buildPhases = (
				ED3D0F8E1BCA580F00D5695E /* Sources */,
				ED3D0F8F1BCA580F00D5695E /* Frameworks */,
				ED3D0F901BCA580F00D5695E /* Headers */,
				ED3D0F911BCA580F00D5695E /* Resources */,
			);
			buildRules = (
			);
			dependencies = (
			);
			name = SwifTrix;
			productName = SwifTrix;
			productReference = ED3D0F931BCA580F00D5695E /* SwifTrix.framework */;
			productType = "com.apple.product-type.framework";
		};
		ED3D0F9C1BCA580F00D5695E /* SwifTrixTests */ = {
			isa = PBXNativeTarget;
			buildConfigurationList = ED3D0FAA1BCA580F00D5695E /* Build configuration list for PBXNativeTarget "SwifTrixTests" */;
			buildPhases = (
				ED3D0F991BCA580F00D5695E /* Sources */,
				ED3D0F9A1BCA580F00D5695E /* Frameworks */,
				ED3D0F9B1BCA580F00D5695E /* Resources */,
			);
			buildRules = (
			);
			dependencies = (
				ED3D0FA01BCA580F00D5695E /* PBXTargetDependency */,
			);
			name = SwifTrixTests;
			productName = SwifTrixTests;
			productReference = ED3D0F9D1BCA580F00D5695E /* SwifTrixTests.xctest */;
			productType = "com.apple.product-type.bundle.unit-test";
		};
		ED59EE861BD27BF300A8857E /* SwifTrixTV */ = {
			isa = PBXNativeTarget;
			buildConfigurationList = ED59EE981BD27BF300A8857E /* Build configuration list for PBXNativeTarget "SwifTrixTV" */;
			buildPhases = (
				ED59EE821BD27BF300A8857E /* Sources */,
				ED59EE831BD27BF300A8857E /* Frameworks */,
				ED59EE841BD27BF300A8857E /* Headers */,
				ED59EE851BD27BF300A8857E /* Resources */,
			);
			buildRules = (
			);
			dependencies = (
			);
			name = SwifTrixTV;
			productName = SwifTrixTV;
			productReference = ED59EE871BD27BF300A8857E /* SwifTrix.framework */;
			productType = "com.apple.product-type.framework";
		};
		ED59EE8F1BD27BF300A8857E /* SwifTrixTVTests */ = {
			isa = PBXNativeTarget;
			buildConfigurationList = ED59EE9B1BD27BF300A8857E /* Build configuration list for PBXNativeTarget "SwifTrixTVTests" */;
			buildPhases = (
				ED59EE8C1BD27BF300A8857E /* Sources */,
				ED59EE8D1BD27BF300A8857E /* Frameworks */,
				ED59EE8E1BD27BF300A8857E /* Resources */,
			);
			buildRules = (
			);
			dependencies = (
				ED59EE931BD27BF300A8857E /* PBXTargetDependency */,
			);
			name = SwifTrixTVTests;
			productName = SwifTrixTVTests;
			productReference = ED59EE901BD27BF300A8857E /* SwifTrixTVTests.xctest */;
			productType = "com.apple.product-type.bundle.unit-test";
		};
		EDFF67FD1BD14BF900E5C9EC /* SwifTrixOSX */ = {
			isa = PBXNativeTarget;
			buildConfigurationList = EDFF680F1BD14BFA00E5C9EC /* Build configuration list for PBXNativeTarget "SwifTrixOSX" */;
			buildPhases = (
				EDFF67F91BD14BF900E5C9EC /* Sources */,
				EDFF67FA1BD14BF900E5C9EC /* Frameworks */,
				EDFF67FB1BD14BF900E5C9EC /* Headers */,
				EDFF67FC1BD14BF900E5C9EC /* Resources */,
			);
			buildRules = (
			);
			dependencies = (
			);
			name = SwifTrixOSX;
			productName = SwifTrixOSX;
			productReference = EDFF67FE1BD14BF900E5C9EC /* SwifTrix.framework */;
			productType = "com.apple.product-type.framework";
		};
		EDFF68061BD14BFA00E5C9EC /* SwifTrixOSXTests */ = {
			isa = PBXNativeTarget;
			buildConfigurationList = EDFF68121BD14BFA00E5C9EC /* Build configuration list for PBXNativeTarget "SwifTrixOSXTests" */;
			buildPhases = (
				EDFF68031BD14BFA00E5C9EC /* Sources */,
				EDFF68041BD14BFA00E5C9EC /* Frameworks */,
				EDFF68051BD14BFA00E5C9EC /* Resources */,
			);
			buildRules = (
			);
			dependencies = (
				EDFF680A1BD14BFA00E5C9EC /* PBXTargetDependency */,
			);
			name = SwifTrixOSXTests;
			productName = SwifTrixOSXTests;
			productReference = EDFF68071BD14BFA00E5C9EC /* SwifTrixOSXTests.xctest */;
			productType = "com.apple.product-type.bundle.unit-test";
		};
/* End PBXNativeTarget section */

/* Begin PBXProject section */
		ED3D0F8A1BCA580F00D5695E /* Project object */ = {
			isa = PBXProject;
			attributes = {
				LastSwiftUpdateCheck = 0710;
				LastUpgradeCheck = 0710;
				ORGANIZATIONNAME = "Daniel Vancura";
				TargetAttributes = {
					ED3D0F921BCA580F00D5695E = {
						CreatedOnToolsVersion = 7.1;
						DevelopmentTeam = 4VVXA4NYT9;
					};
					ED3D0F9C1BCA580F00D5695E = {
						CreatedOnToolsVersion = 7.1;
						DevelopmentTeam = 4VVXA4NYT9;
					};
					ED59EE861BD27BF300A8857E = {
						CreatedOnToolsVersion = 7.1;
						DevelopmentTeam = 4VVXA4NYT9;
					};
					ED59EE8F1BD27BF300A8857E = {
						CreatedOnToolsVersion = 7.1;
						DevelopmentTeam = 4VVXA4NYT9;
					};
					EDFF67FD1BD14BF900E5C9EC = {
						CreatedOnToolsVersion = 7.1;
					};
					EDFF68061BD14BFA00E5C9EC = {
						CreatedOnToolsVersion = 7.1;
					};
				};
			};
			buildConfigurationList = ED3D0F8D1BCA580F00D5695E /* Build configuration list for PBXProject "SwifTrix" */;
			compatibilityVersion = "Xcode 3.2";
			developmentRegion = English;
			hasScannedForEncodings = 0;
			knownRegions = (
				en,
			);
			mainGroup = ED3D0F891BCA580F00D5695E;
			productRefGroup = ED3D0F941BCA580F00D5695E /* Products */;
			projectDirPath = "";
			projectRoot = "";
			targets = (
				ED3D0F921BCA580F00D5695E /* SwifTrix */,
				ED3D0F9C1BCA580F00D5695E /* SwifTrixTests */,
				EDFF67FD1BD14BF900E5C9EC /* SwifTrixOSX */,
				EDFF68061BD14BFA00E5C9EC /* SwifTrixOSXTests */,
				ED59EE861BD27BF300A8857E /* SwifTrixTV */,
				ED59EE8F1BD27BF300A8857E /* SwifTrixTVTests */,
			);
		};
/* End PBXProject section */

/* Begin PBXResourcesBuildPhase section */
		ED3D0F911BCA580F00D5695E /* Resources */ = {
			isa = PBXResourcesBuildPhase;
			buildActionMask = 2147483647;
			files = (
				ED2CAA4E1BD6987000472C3B /* STFormFillCell.xib in Resources */,
				ED2CAA4F1BD6987000472C3B /* STFormFillController.xib in Resources */,
			);
			runOnlyForDeploymentPostprocessing = 0;
		};
		ED3D0F9B1BCA580F00D5695E /* Resources */ = {
			isa = PBXResourcesBuildPhase;
			buildActionMask = 2147483647;
			files = (
			);
			runOnlyForDeploymentPostprocessing = 0;
		};
		ED59EE851BD27BF300A8857E /* Resources */ = {
			isa = PBXResourcesBuildPhase;
			buildActionMask = 2147483647;
			files = (
				ED2CAA531BD698DC00472C3B /* STFormFillCell.xib in Resources */,
				ED2CAA551BD6993A00472C3B /* STFormFillController.xib in Resources */,
			);
			runOnlyForDeploymentPostprocessing = 0;
		};
		ED59EE8E1BD27BF300A8857E /* Resources */ = {
			isa = PBXResourcesBuildPhase;
			buildActionMask = 2147483647;
			files = (
			);
			runOnlyForDeploymentPostprocessing = 0;
		};
		EDFF67FC1BD14BF900E5C9EC /* Resources */ = {
			isa = PBXResourcesBuildPhase;
			buildActionMask = 2147483647;
			files = (
				ED2CAA611BD6AD6800472C3B /* STFormFillCell.xib in Resources */,
				ED2CAA631BD6AEF400472C3B /* STFormFillController.xib in Resources */,
			);
			runOnlyForDeploymentPostprocessing = 0;
		};
		EDFF68051BD14BFA00E5C9EC /* Resources */ = {
			isa = PBXResourcesBuildPhase;
			buildActionMask = 2147483647;
			files = (
			);
			runOnlyForDeploymentPostprocessing = 0;
		};
/* End PBXResourcesBuildPhase section */

/* Begin PBXSourcesBuildPhase section */
		ED3D0F8E1BCA580F00D5695E /* Sources */ = {
			isa = PBXSourcesBuildPhase;
			buildActionMask = 2147483647;
			files = (
				ED2CAADB1BD7AEAD00472C3B /* CrossPlatformDeclarations.swift in Sources */,
				EDFF67BA1BD1168400E5C9EC /* STKeychain.swift in Sources */,
				ED2CAA3E1BD6968C00472C3B /* STFormFillCell.swift in Sources */,
				ED2CAA361BD695B600472C3B /* STFormFillControllerDelegate.swift in Sources */,
				ED0050601BD452B90043528B /* STJSONParser.swift in Sources */,
				ED0050501BD4331B0043528B /* STNetworkError.swift in Sources */,
				EDFF67C21BD1200100E5C9EC /* STKeychain+Items.swift in Sources */,
				EDFF67AF1BD1117D00E5C9EC /* STDatabase+ChangeManagement.swift in Sources */,
				ED2CAA3D1BD6968C00472C3B /* STFormField.swift in Sources */,
				EDFF67AA1BD1113D00E5C9EC /* STNetworkInterface.swift in Sources */,
				EDFF67CB1BD1391B00E5C9EC /* STKeychainInternetPassword.swift in Sources */,
				EDFF67B61BD1139400E5C9EC /* STNetworkInterface+SessionDelegate.swift in Sources */,
				EDFF67C81BD135B900E5C9EC /* STKeychainGenericPassword.swift in Sources */,
				ED00504E1BD4329D0043528B /* STJSONPackage.swift in Sources */,
				ED2CAAE61BD7BF0200472C3B /* STFormFieldDelegate.swift in Sources */,
				EDFF67B11BD1117D00E5C9EC /* STDatabase+FetchRequests.swift in Sources */,
				EDFF67BF1BD117B000E5C9EC /* STKeychainError.swift in Sources */,
				ED0050551BD43C2A0043528B /* STJSONError.swift in Sources */,
				ED2CAA341BD695B600472C3B /* STFormFillController.swift in Sources */,
				EDFF67C51BD1358200E5C9EC /* STKeychainItem.swift in Sources */,
				EDFF67B31BD1117D00E5C9EC /* STDatabase+ObjectCreation.swift in Sources */,
				ED2CAA371BD695B600472C3B /* STFormFillDataType.swift in Sources */,
				ED3D0FAE1BCA58A000D5695E /* STDatabase.swift in Sources */,
				EDFF67CE1BD13CD400E5C9EC /* STKeychainCertificate.swift in Sources */,
			);
			runOnlyForDeploymentPostprocessing = 0;
		};
		ED3D0F991BCA580F00D5695E /* Sources */ = {
			isa = PBXSourcesBuildPhase;
			buildActionMask = 2147483647;
			files = (
				EDFF68261BD162C500E5C9EC /* STDatabase.swift in Sources */,
				EDFF67CC1BD1391B00E5C9EC /* STKeychainInternetPassword.swift in Sources */,
				ED0050641BD45EF10043528B /* SwifTrixJSONParserTests.swift in Sources */,
				EDFF67B71BD1139400E5C9EC /* STNetworkInterface+SessionDelegate.swift in Sources */,
				ED076CC51BCAB0FE00B53396 /* Page+CoreDataProperties.swift in Sources */,
				ED076CBC1BCAAFC200B53396 /* TestDataModel.xcdatamodeld in Sources */,
				ED076CB91BCAA8C800B53396 /* SwifTrixPerformanceTests.swift in Sources */,
				ED076CC31BCAB0FE00B53396 /* Book+CoreDataProperties.swift in Sources */,
				EDFF67C61BD1358200E5C9EC /* STKeychainItem.swift in Sources */,
				ED59EE801BD272F800A8857E /* SwifTrixDatabaseTests.swift in Sources */,
				EDFF67B41BD1117D00E5C9EC /* STDatabase+ObjectCreation.swift in Sources */,
				EDFF67B01BD1117D00E5C9EC /* STDatabase+ChangeManagement.swift in Sources */,
				ED076CC81BCAB0FE00B53396 /* Bookworm.swift in Sources */,
				ED076CC61BCAB0FE00B53396 /* Page.swift in Sources */,
				EDFF67AB1BD1113D00E5C9EC /* STNetworkInterface.swift in Sources */,
				ED076CC71BCAB0FE00B53396 /* Bookworm+CoreDataProperties.swift in Sources */,
				EDFF67CF1BD13CD400E5C9EC /* STKeychainCertificate.swift in Sources */,
				ED076CC41BCAB0FE00B53396 /* Book.swift in Sources */,
				EDFF67B21BD1117D00E5C9EC /* STDatabase+FetchRequests.swift in Sources */,
				EDFF67C31BD1200100E5C9EC /* STKeychain+Items.swift in Sources */,
				EDFF67C01BD117B000E5C9EC /* STKeychainError.swift in Sources */,
				EDFF67C91BD135B900E5C9EC /* STKeychainGenericPassword.swift in Sources */,
				EDFF67BB1BD1168400E5C9EC /* STKeychain.swift in Sources */,
				ED3D0FA31BCA580F00D5695E /* SwifTrixKeychainTests.swift in Sources */,
			);
			runOnlyForDeploymentPostprocessing = 0;
		};
		ED59EE821BD27BF300A8857E /* Sources */ = {
			isa = PBXSourcesBuildPhase;
			buildActionMask = 2147483647;
			files = (
				ED2CAADC1BD7AEB300472C3B /* CrossPlatformDeclarations.swift in Sources */,
				ED2CAA441BD6978800472C3B /* STFormField.swift in Sources */,
				ED2CAA451BD6978800472C3B /* STFormFillCell.swift in Sources */,
				ED2CAA461BD6978800472C3B /* STFormFillController.swift in Sources */,
				ED2CAA471BD6978800472C3B /* STFormFillControllerDelegate.swift in Sources */,
				ED2CAA481BD6978800472C3B /* STFormFillDataType.swift in Sources */,
				ED0050591BD4474D0043528B /* STJSONPackage.swift in Sources */,
				ED0050621BD452B90043528B /* STJSONParser.swift in Sources */,
				ED00505A1BD4474D0043528B /* STNetworkError.swift in Sources */,
				ED00505B1BD4474D0043528B /* STJSONError.swift in Sources */,
				ED59EE9E1BD27C1300A8857E /* STKeychain.swift in Sources */,
				ED59EE9F1BD27C1300A8857E /* STKeychainError.swift in Sources */,
				ED59EEA01BD27C1300A8857E /* STKeychain+Items.swift in Sources */,
				ED59EEA11BD27C1300A8857E /* STKeychainItem.swift in Sources */,
				ED2CAAE81BD7BF0200472C3B /* STFormFieldDelegate.swift in Sources */,
				ED59EEA21BD27C1300A8857E /* STKeychainGenericPassword.swift in Sources */,
				ED59EEA31BD27C1300A8857E /* STKeychainInternetPassword.swift in Sources */,
				ED59EEA41BD27C1300A8857E /* STKeychainCertificate.swift in Sources */,
				ED59EEA51BD27C1300A8857E /* STNetworkInterface.swift in Sources */,
				ED59EEA61BD27C1400A8857E /* STNetworkInterface+SessionDelegate.swift in Sources */,
				ED59EEA71BD27C1400A8857E /* STDatabase.swift in Sources */,
				ED59EEA81BD27C1400A8857E /* STDatabase+ChangeManagement.swift in Sources */,
				ED59EEA91BD27C1400A8857E /* STDatabase+FetchRequests.swift in Sources */,
				ED59EEAA1BD27C1400A8857E /* STDatabase+ObjectCreation.swift in Sources */,
			);
			runOnlyForDeploymentPostprocessing = 0;
		};
		ED59EE8C1BD27BF300A8857E /* Sources */ = {
			isa = PBXSourcesBuildPhase;
			buildActionMask = 2147483647;
			files = (
				ED59EE961BD27BF300A8857E /* SwifTrixTVTests.swift in Sources */,
			);
			runOnlyForDeploymentPostprocessing = 0;
		};
		EDFF67F91BD14BF900E5C9EC /* Sources */ = {
			isa = PBXSourcesBuildPhase;
			buildActionMask = 2147483647;
			files = (
				ED2CAA5A1BD6A3CD00472C3B /* STFormField.swift in Sources */,
				ED2CAA5B1BD6A3CD00472C3B /* STFormFillCell.swift in Sources */,
				ED2CAA5C1BD6A3CD00472C3B /* STFormFillController.swift in Sources */,
				ED2CAA5D1BD6A3CD00472C3B /* STFormFillControllerDelegate.swift in Sources */,
				ED2CAA5E1BD6A3CD00472C3B /* STFormFillDataType.swift in Sources */,
				ED0050561BD447440043528B /* STJSONPackage.swift in Sources */,
				ED0050611BD452B90043528B /* STJSONParser.swift in Sources */,
				ED0050571BD447440043528B /* STNetworkError.swift in Sources */,
				ED0050581BD447440043528B /* STJSONError.swift in Sources */,
				ED59EE811BD27AC400A8857E /* STDatabase+FetchRequests.swift in Sources */,
				EDFF68151BD14C1500E5C9EC /* STKeychain.swift in Sources */,
				EDFF68161BD14C1500E5C9EC /* STKeychainError.swift in Sources */,
				EDFF68171BD14C1500E5C9EC /* STKeychain+Items.swift in Sources */,
				EDFF68181BD14C1500E5C9EC /* STKeychainItem.swift in Sources */,
				ED2CAAE71BD7BF0200472C3B /* STFormFieldDelegate.swift in Sources */,
				EDFF68191BD14C1500E5C9EC /* STKeychainGenericPassword.swift in Sources */,
				EDFF681A1BD14C1500E5C9EC /* STKeychainInternetPassword.swift in Sources */,
				EDFF681B1BD14C1500E5C9EC /* STKeychainCertificate.swift in Sources */,
				ED2CAA581BD6A0CB00472C3B /* CrossPlatformDeclarations.swift in Sources */,
				EDFF681C1BD14C1500E5C9EC /* STNetworkInterface.swift in Sources */,
				EDFF681D1BD14C1500E5C9EC /* STNetworkInterface+SessionDelegate.swift in Sources */,
				EDFF681E1BD14C1500E5C9EC /* STDatabase.swift in Sources */,
				EDFF681F1BD14C1500E5C9EC /* STDatabase+ChangeManagement.swift in Sources */,
				EDFF68211BD14C1500E5C9EC /* STDatabase+ObjectCreation.swift in Sources */,
			);
			runOnlyForDeploymentPostprocessing = 0;
		};
		EDFF68031BD14BFA00E5C9EC /* Sources */ = {
			isa = PBXSourcesBuildPhase;
			buildActionMask = 2147483647;
			files = (
				EDFF680D1BD14BFA00E5C9EC /* SwifTrixOSXTests.swift in Sources */,
			);
			runOnlyForDeploymentPostprocessing = 0;
		};
/* End PBXSourcesBuildPhase section */

/* Begin PBXTargetDependency section */
		ED3D0FA01BCA580F00D5695E /* PBXTargetDependency */ = {
			isa = PBXTargetDependency;
			target = ED3D0F921BCA580F00D5695E /* SwifTrix */;
			targetProxy = ED3D0F9F1BCA580F00D5695E /* PBXContainerItemProxy */;
		};
		ED59EE931BD27BF300A8857E /* PBXTargetDependency */ = {
			isa = PBXTargetDependency;
			target = ED59EE861BD27BF300A8857E /* SwifTrixTV */;
			targetProxy = ED59EE921BD27BF300A8857E /* PBXContainerItemProxy */;
		};
		EDFF680A1BD14BFA00E5C9EC /* PBXTargetDependency */ = {
			isa = PBXTargetDependency;
			target = EDFF67FD1BD14BF900E5C9EC /* SwifTrixOSX */;
			targetProxy = EDFF68091BD14BFA00E5C9EC /* PBXContainerItemProxy */;
		};
/* End PBXTargetDependency section */

/* Begin XCBuildConfiguration section */
		ED3D0FA51BCA580F00D5695E /* Debug */ = {
			isa = XCBuildConfiguration;
			buildSettings = {
				ALWAYS_SEARCH_USER_PATHS = NO;
				CLANG_CXX_LANGUAGE_STANDARD = "gnu++0x";
				CLANG_CXX_LIBRARY = "libc++";
				CLANG_ENABLE_MODULES = YES;
				CLANG_ENABLE_OBJC_ARC = YES;
				CLANG_WARN_BOOL_CONVERSION = YES;
				CLANG_WARN_CONSTANT_CONVERSION = YES;
				CLANG_WARN_DIRECT_OBJC_ISA_USAGE = YES_ERROR;
				CLANG_WARN_EMPTY_BODY = YES;
				CLANG_WARN_ENUM_CONVERSION = YES;
				CLANG_WARN_INT_CONVERSION = YES;
				CLANG_WARN_OBJC_ROOT_CLASS = YES_ERROR;
				CLANG_WARN_UNREACHABLE_CODE = YES;
				CLANG_WARN__DUPLICATE_METHOD_MATCH = YES;
				"CODE_SIGN_IDENTITY[sdk=iphoneos*]" = "iPhone Developer";
				COPY_PHASE_STRIP = NO;
				CURRENT_PROJECT_VERSION = 1;
				DEBUG_INFORMATION_FORMAT = dwarf;
				ENABLE_STRICT_OBJC_MSGSEND = YES;
				ENABLE_TESTABILITY = YES;
				GCC_C_LANGUAGE_STANDARD = gnu99;
				GCC_DYNAMIC_NO_PIC = NO;
				GCC_NO_COMMON_BLOCKS = YES;
				GCC_OPTIMIZATION_LEVEL = 0;
				GCC_PREPROCESSOR_DEFINITIONS = (
					"DEBUG=1",
					"$(inherited)",
				);
				GCC_WARN_64_TO_32_BIT_CONVERSION = YES;
				GCC_WARN_ABOUT_RETURN_TYPE = YES_ERROR;
				GCC_WARN_UNDECLARED_SELECTOR = YES;
				GCC_WARN_UNINITIALIZED_AUTOS = YES_AGGRESSIVE;
				GCC_WARN_UNUSED_FUNCTION = YES;
				GCC_WARN_UNUSED_VARIABLE = YES;
				IPHONEOS_DEPLOYMENT_TARGET = 8.0;
				MTL_ENABLE_DEBUG_INFO = YES;
				ONLY_ACTIVE_ARCH = YES;
				SDKROOT = iphoneos;
				SWIFT_OPTIMIZATION_LEVEL = "-Onone";
				TARGETED_DEVICE_FAMILY = "1,2";
				VERSIONING_SYSTEM = "apple-generic";
				VERSION_INFO_PREFIX = "";
			};
			name = Debug;
		};
		ED3D0FA61BCA580F00D5695E /* Release */ = {
			isa = XCBuildConfiguration;
			buildSettings = {
				ALWAYS_SEARCH_USER_PATHS = NO;
				CLANG_CXX_LANGUAGE_STANDARD = "gnu++0x";
				CLANG_CXX_LIBRARY = "libc++";
				CLANG_ENABLE_MODULES = YES;
				CLANG_ENABLE_OBJC_ARC = YES;
				CLANG_WARN_BOOL_CONVERSION = YES;
				CLANG_WARN_CONSTANT_CONVERSION = YES;
				CLANG_WARN_DIRECT_OBJC_ISA_USAGE = YES_ERROR;
				CLANG_WARN_EMPTY_BODY = YES;
				CLANG_WARN_ENUM_CONVERSION = YES;
				CLANG_WARN_INT_CONVERSION = YES;
				CLANG_WARN_OBJC_ROOT_CLASS = YES_ERROR;
				CLANG_WARN_UNREACHABLE_CODE = YES;
				CLANG_WARN__DUPLICATE_METHOD_MATCH = YES;
				"CODE_SIGN_IDENTITY[sdk=iphoneos*]" = "iPhone Developer";
				COPY_PHASE_STRIP = NO;
				CURRENT_PROJECT_VERSION = 1;
				DEBUG_INFORMATION_FORMAT = "dwarf-with-dsym";
				ENABLE_NS_ASSERTIONS = NO;
				ENABLE_STRICT_OBJC_MSGSEND = YES;
				GCC_C_LANGUAGE_STANDARD = gnu99;
				GCC_NO_COMMON_BLOCKS = YES;
				GCC_WARN_64_TO_32_BIT_CONVERSION = YES;
				GCC_WARN_ABOUT_RETURN_TYPE = YES_ERROR;
				GCC_WARN_UNDECLARED_SELECTOR = YES;
				GCC_WARN_UNINITIALIZED_AUTOS = YES_AGGRESSIVE;
				GCC_WARN_UNUSED_FUNCTION = YES;
				GCC_WARN_UNUSED_VARIABLE = YES;
				IPHONEOS_DEPLOYMENT_TARGET = 8.0;
				MTL_ENABLE_DEBUG_INFO = NO;
				SDKROOT = iphoneos;
				TARGETED_DEVICE_FAMILY = "1,2";
				VALIDATE_PRODUCT = YES;
				VERSIONING_SYSTEM = "apple-generic";
				VERSION_INFO_PREFIX = "";
			};
			name = Release;
		};
		ED3D0FA81BCA580F00D5695E /* Debug */ = {
			isa = XCBuildConfiguration;
			buildSettings = {
				CLANG_ENABLE_MODULES = YES;
				DEFINES_MODULE = YES;
				DYLIB_COMPATIBILITY_VERSION = 1;
				DYLIB_CURRENT_VERSION = 1;
				DYLIB_INSTALL_NAME_BASE = "@rpath";
				INFOPLIST_FILE = SwifTrix/Info.plist;
				INSTALL_PATH = "$(LOCAL_LIBRARY_DIR)/Frameworks";
				LD_RUNPATH_SEARCH_PATHS = "$(inherited) @executable_path/Frameworks @loader_path/Frameworks";
				PRODUCT_BUNDLE_IDENTIFIER = com.vancura.SwifTrix;
				PRODUCT_NAME = "$(TARGET_NAME)";
				SKIP_INSTALL = YES;
				SWIFT_OPTIMIZATION_LEVEL = "-Onone";
			};
			name = Debug;
		};
		ED3D0FA91BCA580F00D5695E /* Release */ = {
			isa = XCBuildConfiguration;
			buildSettings = {
				CLANG_ENABLE_MODULES = YES;
				DEFINES_MODULE = YES;
				DYLIB_COMPATIBILITY_VERSION = 1;
				DYLIB_CURRENT_VERSION = 1;
				DYLIB_INSTALL_NAME_BASE = "@rpath";
				INFOPLIST_FILE = SwifTrix/Info.plist;
				INSTALL_PATH = "$(LOCAL_LIBRARY_DIR)/Frameworks";
				LD_RUNPATH_SEARCH_PATHS = "$(inherited) @executable_path/Frameworks @loader_path/Frameworks";
				PRODUCT_BUNDLE_IDENTIFIER = com.vancura.SwifTrix;
				PRODUCT_NAME = "$(TARGET_NAME)";
				SKIP_INSTALL = YES;
			};
			name = Release;
		};
		ED3D0FAB1BCA580F00D5695E /* Debug */ = {
			isa = XCBuildConfiguration;
			buildSettings = {
				INFOPLIST_FILE = SwifTrixTests/Info.plist;
				LD_RUNPATH_SEARCH_PATHS = "$(inherited) @executable_path/Frameworks @loader_path/Frameworks";
				PRODUCT_BUNDLE_IDENTIFIER = com.vancura.SwifTrixTests;
				PRODUCT_NAME = "$(TARGET_NAME)";
			};
			name = Debug;
		};
		ED3D0FAC1BCA580F00D5695E /* Release */ = {
			isa = XCBuildConfiguration;
			buildSettings = {
				INFOPLIST_FILE = SwifTrixTests/Info.plist;
				LD_RUNPATH_SEARCH_PATHS = "$(inherited) @executable_path/Frameworks @loader_path/Frameworks";
				PRODUCT_BUNDLE_IDENTIFIER = com.vancura.SwifTrixTests;
				PRODUCT_NAME = "$(TARGET_NAME)";
			};
			name = Release;
		};
		ED59EE991BD27BF300A8857E /* Debug */ = {
			isa = XCBuildConfiguration;
			buildSettings = {
				DEFINES_MODULE = YES;
				DYLIB_COMPATIBILITY_VERSION = 1;
				DYLIB_CURRENT_VERSION = 1;
				DYLIB_INSTALL_NAME_BASE = "@rpath";
				INFOPLIST_FILE = SwifTrixTV/Info.plist;
				INSTALL_PATH = "$(LOCAL_LIBRARY_DIR)/Frameworks";
				LD_RUNPATH_SEARCH_PATHS = "$(inherited) @executable_path/Frameworks @loader_path/Frameworks";
				PRODUCT_BUNDLE_IDENTIFIER = com.vancura.SwifTrixTV;
				PRODUCT_NAME = SwifTrix;
				SDKROOT = appletvos;
				SKIP_INSTALL = YES;
				TARGETED_DEVICE_FAMILY = 3;
				TVOS_DEPLOYMENT_TARGET = 9.0;
			};
			name = Debug;
		};
		ED59EE9A1BD27BF300A8857E /* Release */ = {
			isa = XCBuildConfiguration;
			buildSettings = {
				DEFINES_MODULE = YES;
				DYLIB_COMPATIBILITY_VERSION = 1;
				DYLIB_CURRENT_VERSION = 1;
				DYLIB_INSTALL_NAME_BASE = "@rpath";
				INFOPLIST_FILE = SwifTrixTV/Info.plist;
				INSTALL_PATH = "$(LOCAL_LIBRARY_DIR)/Frameworks";
				LD_RUNPATH_SEARCH_PATHS = "$(inherited) @executable_path/Frameworks @loader_path/Frameworks";
				PRODUCT_BUNDLE_IDENTIFIER = com.vancura.SwifTrixTV;
				PRODUCT_NAME = SwifTrix;
				SDKROOT = appletvos;
				SKIP_INSTALL = YES;
				TARGETED_DEVICE_FAMILY = 3;
				TVOS_DEPLOYMENT_TARGET = 9.0;
			};
			name = Release;
		};
		ED59EE9C1BD27BF300A8857E /* Debug */ = {
			isa = XCBuildConfiguration;
			buildSettings = {
				INFOPLIST_FILE = SwifTrixTVTests/Info.plist;
				LD_RUNPATH_SEARCH_PATHS = "$(inherited) @executable_path/Frameworks @loader_path/Frameworks";
				PRODUCT_BUNDLE_IDENTIFIER = com.vancura.SwifTrixTVTests;
				PRODUCT_NAME = "$(TARGET_NAME)";
				SDKROOT = appletvos;
				TVOS_DEPLOYMENT_TARGET = 9.0;
			};
			name = Debug;
		};
		ED59EE9D1BD27BF300A8857E /* Release */ = {
			isa = XCBuildConfiguration;
			buildSettings = {
				INFOPLIST_FILE = SwifTrixTVTests/Info.plist;
				LD_RUNPATH_SEARCH_PATHS = "$(inherited) @executable_path/Frameworks @loader_path/Frameworks";
				PRODUCT_BUNDLE_IDENTIFIER = com.vancura.SwifTrixTVTests;
				PRODUCT_NAME = "$(TARGET_NAME)";
				SDKROOT = appletvos;
				TVOS_DEPLOYMENT_TARGET = 9.0;
			};
			name = Release;
		};
		EDFF68101BD14BFA00E5C9EC /* Debug */ = {
			isa = XCBuildConfiguration;
			buildSettings = {
				CODE_SIGN_IDENTITY = "-";
				COMBINE_HIDPI_IMAGES = YES;
				DEFINES_MODULE = YES;
				DYLIB_COMPATIBILITY_VERSION = 1;
				DYLIB_CURRENT_VERSION = 1;
				DYLIB_INSTALL_NAME_BASE = "@rpath";
				FRAMEWORK_VERSION = A;
				INFOPLIST_FILE = SwifTrixOSX/Info.plist;
				INSTALL_PATH = "$(LOCAL_LIBRARY_DIR)/Frameworks";
				LD_RUNPATH_SEARCH_PATHS = "$(inherited) @executable_path/../Frameworks @loader_path/Frameworks";
				MACOSX_DEPLOYMENT_TARGET = 10.9;
				PRODUCT_BUNDLE_IDENTIFIER = com.vancura.SwifTrixOSX;
				PRODUCT_NAME = SwifTrix;
				SDKROOT = macosx;
				SKIP_INSTALL = YES;
			};
			name = Debug;
		};
		EDFF68111BD14BFA00E5C9EC /* Release */ = {
			isa = XCBuildConfiguration;
			buildSettings = {
				CODE_SIGN_IDENTITY = "-";
				COMBINE_HIDPI_IMAGES = YES;
				DEFINES_MODULE = YES;
				DYLIB_COMPATIBILITY_VERSION = 1;
				DYLIB_CURRENT_VERSION = 1;
				DYLIB_INSTALL_NAME_BASE = "@rpath";
				FRAMEWORK_VERSION = A;
				INFOPLIST_FILE = SwifTrixOSX/Info.plist;
				INSTALL_PATH = "$(LOCAL_LIBRARY_DIR)/Frameworks";
				LD_RUNPATH_SEARCH_PATHS = "$(inherited) @executable_path/../Frameworks @loader_path/Frameworks";
				MACOSX_DEPLOYMENT_TARGET = 10.9;
				PRODUCT_BUNDLE_IDENTIFIER = com.vancura.SwifTrixOSX;
				PRODUCT_NAME = SwifTrix;
				SDKROOT = macosx;
				SKIP_INSTALL = YES;
			};
			name = Release;
		};
		EDFF68131BD14BFA00E5C9EC /* Debug */ = {
			isa = XCBuildConfiguration;
			buildSettings = {
				CODE_SIGN_IDENTITY = "-";
				COMBINE_HIDPI_IMAGES = YES;
				INFOPLIST_FILE = SwifTrixOSXTests/Info.plist;
				LD_RUNPATH_SEARCH_PATHS = "$(inherited) @executable_path/../Frameworks @loader_path/../Frameworks";
				MACOSX_DEPLOYMENT_TARGET = 10.11;
				PRODUCT_BUNDLE_IDENTIFIER = com.vancura.SwifTrixOSXTests;
				PRODUCT_NAME = "$(TARGET_NAME)";
				SDKROOT = macosx;
			};
			name = Debug;
		};
		EDFF68141BD14BFA00E5C9EC /* Release */ = {
			isa = XCBuildConfiguration;
			buildSettings = {
				CODE_SIGN_IDENTITY = "-";
				COMBINE_HIDPI_IMAGES = YES;
				INFOPLIST_FILE = SwifTrixOSXTests/Info.plist;
				LD_RUNPATH_SEARCH_PATHS = "$(inherited) @executable_path/../Frameworks @loader_path/../Frameworks";
				MACOSX_DEPLOYMENT_TARGET = 10.11;
				PRODUCT_BUNDLE_IDENTIFIER = com.vancura.SwifTrixOSXTests;
				PRODUCT_NAME = "$(TARGET_NAME)";
				SDKROOT = macosx;
			};
			name = Release;
		};
/* End XCBuildConfiguration section */

/* Begin XCConfigurationList section */
		ED3D0F8D1BCA580F00D5695E /* Build configuration list for PBXProject "SwifTrix" */ = {
			isa = XCConfigurationList;
			buildConfigurations = (
				ED3D0FA51BCA580F00D5695E /* Debug */,
				ED3D0FA61BCA580F00D5695E /* Release */,
			);
			defaultConfigurationIsVisible = 0;
			defaultConfigurationName = Release;
		};
		ED3D0FA71BCA580F00D5695E /* Build configuration list for PBXNativeTarget "SwifTrix" */ = {
			isa = XCConfigurationList;
			buildConfigurations = (
				ED3D0FA81BCA580F00D5695E /* Debug */,
				ED3D0FA91BCA580F00D5695E /* Release */,
			);
			defaultConfigurationIsVisible = 0;
			defaultConfigurationName = Release;
		};
		ED3D0FAA1BCA580F00D5695E /* Build configuration list for PBXNativeTarget "SwifTrixTests" */ = {
			isa = XCConfigurationList;
			buildConfigurations = (
				ED3D0FAB1BCA580F00D5695E /* Debug */,
				ED3D0FAC1BCA580F00D5695E /* Release */,
			);
			defaultConfigurationIsVisible = 0;
			defaultConfigurationName = Release;
		};
		ED59EE981BD27BF300A8857E /* Build configuration list for PBXNativeTarget "SwifTrixTV" */ = {
			isa = XCConfigurationList;
			buildConfigurations = (
				ED59EE991BD27BF300A8857E /* Debug */,
				ED59EE9A1BD27BF300A8857E /* Release */,
			);
			defaultConfigurationIsVisible = 0;
			defaultConfigurationName = Release;
		};
		ED59EE9B1BD27BF300A8857E /* Build configuration list for PBXNativeTarget "SwifTrixTVTests" */ = {
			isa = XCConfigurationList;
			buildConfigurations = (
				ED59EE9C1BD27BF300A8857E /* Debug */,
				ED59EE9D1BD27BF300A8857E /* Release */,
			);
			defaultConfigurationIsVisible = 0;
			defaultConfigurationName = Release;
		};
		EDFF680F1BD14BFA00E5C9EC /* Build configuration list for PBXNativeTarget "SwifTrixOSX" */ = {
			isa = XCConfigurationList;
			buildConfigurations = (
				EDFF68101BD14BFA00E5C9EC /* Debug */,
				EDFF68111BD14BFA00E5C9EC /* Release */,
			);
			defaultConfigurationIsVisible = 0;
			defaultConfigurationName = Release;
		};
		EDFF68121BD14BFA00E5C9EC /* Build configuration list for PBXNativeTarget "SwifTrixOSXTests" */ = {
			isa = XCConfigurationList;
			buildConfigurations = (
				EDFF68131BD14BFA00E5C9EC /* Debug */,
				EDFF68141BD14BFA00E5C9EC /* Release */,
			);
			defaultConfigurationIsVisible = 0;
			defaultConfigurationName = Release;
		};
/* End XCConfigurationList section */

/* Begin XCVersionGroup section */
		ED076CBA1BCAAFC200B53396 /* TestDataModel.xcdatamodeld */ = {
			isa = XCVersionGroup;
			children = (
				ED076CBB1BCAAFC200B53396 /* TestDataModel.xcdatamodel */,
			);
			currentVersion = ED076CBB1BCAAFC200B53396 /* TestDataModel.xcdatamodel */;
			path = TestDataModel.xcdatamodeld;
			sourceTree = "<group>";
			versionGroupType = wrapper.xcdatamodel;
		};
/* End XCVersionGroup section */
	};
	rootObject = ED3D0F8A1BCA580F00D5695E /* Project object */;
}
